
Microsoft Visual Studio Solution File, Format Version 12.00
# Visual Studio Version 17
VisualStudioVersion = 17.14.36401.2
MinimumVisualStudioVersion = 10.0.40219.1
Project("{FAE04EC0-301F-11D3-BF4B-00C04F79EFBC}") = "ST10439147_CLDV6212_POE", "ST10439147_CLDV6212_POE\ST10439147_CLDV6212_POE.csproj", "{692874E5-7488-4172-B2CC-D4EB221DBED3}"
EndProject
Project("{FAE04EC0-301F-11D3-BF4B-00C04F79EFBC}") = "ST10439147_CLDV6212_POE.Functions", "ST10439147_CLDV6212_POE.Functions\ST10439147_CLDV6212_POE.Functions.csproj", "{CE001826-1150-49AF-9421-355C33CCEF4E}"
EndProject
Global
	GlobalSection(SolutionConfigurationPlatforms) = preSolution
		Debug|Any CPU = Debug|Any CPU
		Release|Any CPU = Release|Any CPU
	EndGlobalSection
	GlobalSection(ProjectConfigurationPlatforms) = postSolution
		{692874E5-7488-4172-B2CC-D4EB221DBED3}.Debug|Any CPU.ActiveCfg = Debug|Any CPU
		{692874E5-7488-4172-B2CC-D4EB221DBED3}.Debug|Any CPU.Build.0 = Debug|Any CPU
		{692874E5-7488-4172-B2CC-D4EB221DBED3}.Release|Any CPU.ActiveCfg = Release|Any CPU
		{692874E5-7488-4172-B2CC-D4EB221DBED3}.Release|Any CPU.Build.0 = Release|Any CPU
		{CE001826-1150-49AF-9421-355C33CCEF4E}.Debug|Any CPU.ActiveCfg = Debug|Any CPU
		{CE001826-1150-49AF-9421-355C33CCEF4E}.Debug|Any CPU.Build.0 = Debug|Any CPU
		{CE001826-1150-49AF-9421-355C33CCEF4E}.Release|Any CPU.ActiveCfg = Release|Any CPU
		{CE001826-1150-49AF-9421-355C33CCEF4E}.Release|Any CPU.Build.0 = Release|Any CPU
	EndGlobalSection
	GlobalSection(SolutionProperties) = preSolution
		HideSolutionNode = FALSE
	EndGlobalSection
	GlobalSection(ExtensibilityGlobals) = postSolution
		SolutionGuid = {81CF5660-B5C4-4463-8A10-C506014AE55D}
	EndGlobalSection
EndGlobal
